
Microsoft Visual Studio Solution File, Format Version 12.00
# Visual Studio Version 16
VisualStudioVersion = 16.0.31424.327
MinimumVisualStudioVersion = 10.0.40219.1
Project("{9A19103F-16F7-4668-BE54-9A1E7A4F7556}") = "BlazorUI", "BlazorUI\BlazorUI.csproj", "{D4D04350-5CAE-43F1-9DD6-0610372E18D5}"
EndProject
Project("{9A19103F-16F7-4668-BE54-9A1E7A4F7556}") = "DemoLibrary", "DemoLibrary\DemoLibrary.csproj", "{D0DDD097-955B-431D-826B-A264F427EFEF}"
EndProject
Project("{FAE04EC0-301F-11D3-BF4B-00C04F79EFBC}") = "DemoApi", "DemoApi\DemoApi.csproj", "{37220ADE-F579-419B-ABA9-D8CB12A2B434}"
EndProject
Global
	GlobalSection(SolutionConfigurationPlatforms) = preSolution
		Debug|Any CPU = Debug|Any CPU
		Release|Any CPU = Release|Any CPU
	EndGlobalSection
	GlobalSection(ProjectConfigurationPlatforms) = postSolution
		{D4D04350-5CAE-43F1-9DD6-0610372E18D5}.Debug|Any CPU.ActiveCfg = Debug|Any CPU
		{D4D04350-5CAE-43F1-9DD6-0610372E18D5}.Debug|Any CPU.Build.0 = Debug|Any CPU
		{D4D04350-5CAE-43F1-9DD6-0610372E18D5}.Release|Any CPU.ActiveCfg = Release|Any CPU
		{D4D04350-5CAE-43F1-9DD6-0610372E18D5}.Release|Any CPU.Build.0 = Release|Any CPU
		{D0DDD097-955B-431D-826B-A264F427EFEF}.Debug|Any CPU.ActiveCfg = Debug|Any CPU
		{D0DDD097-955B-431D-826B-A264F427EFEF}.Debug|Any CPU.Build.0 = Debug|Any CPU
		{D0DDD097-955B-431D-826B-A264F427EFEF}.Release|Any CPU.ActiveCfg = Release|Any CPU
		{D0DDD097-955B-431D-826B-A264F427EFEF}.Release|Any CPU.Build.0 = Release|Any CPU
		{37220ADE-F579-419B-ABA9-D8CB12A2B434}.Debug|Any CPU.ActiveCfg = Debug|Any CPU
		{37220ADE-F579-419B-ABA9-D8CB12A2B434}.Debug|Any CPU.Build.0 = Debug|Any CPU
		{37220ADE-F579-419B-ABA9-D8CB12A2B434}.Release|Any CPU.ActiveCfg = Release|Any CPU
		{37220ADE-F579-419B-ABA9-D8CB12A2B434}.Release|Any CPU.Build.0 = Release|Any CPU
	EndGlobalSection
	GlobalSection(SolutionProperties) = preSolution
		HideSolutionNode = FALSE
	EndGlobalSection
	GlobalSection(ExtensibilityGlobals) = postSolution
		SolutionGuid = {29432084-76EB-4F18-B175-A4173E947165}
	EndGlobalSection
EndGlobal
